{
  "name": "vinyl-shop",
  "lockfileVersion": 3,
  "requires": true,
  "packages": {
    "": {
      "dependencies": {
        "turso": "^0.6.0-pre.21"
      }
    },
    "node_modules/@tursodatabase/cli-darwin-arm64": {
      "version": "0.6.0-pre.21",
      "resolved": "https://registry.npmjs.org/@tursodatabase/cli-darwin-arm64/-/cli-darwin-arm64-0.6.0-pre.21.tgz",
      "integrity": "sha512-Am+2oy4y+R2iAsggQBmt8OUuE2TGuNyPGCID8jZc+6hivM3ITO/60Sd5KihiIBAO5v6llEHu9GIjC24Ft7i8JA==",
      "cpu": [
        "arm64"
      ],
      "license": "MIT",
      "optional": true,
      "os": [
        "darwin"
      ]
    },
    "node_modules/@tursodatabase/cli-darwin-x64": {
      "version": "0.6.0-pre.21",
      "resolved": "https://registry.npmjs.org/@tursodatabase/cli-darwin-x64/-/cli-darwin-x64-0.6.0-pre.21.tgz",
      "integrity": "sha512-3J6wFyDu7hV/KR32nNZGMcPaQ+S/RRQg6UZmxeRY6chYFZ6oM6xGUkjzOcp+LtJGfv0Jpt1WcMT+XguyOSf9lA==",
      "cpu": [
        "x64"
      ],
      "license": "MIT",
      "optional": true,
      "os": [
        "darwin"
      ]
    },
    "node_modules/@tursodatabase/cli-linux-arm64-gnu": {
      "version": "0.6.0-pre.21",
      "resolved": "https://registry.npmjs.org/@tursodatabase/cli-linux-arm64-gnu/-/cli-linux-arm64-gnu-0.6.0-pre.21.tgz",
      "integrity": "sha512-/LF5FOejMS2uYC+wSuQqqk9ugmY7CQBWWkJMGs0vbmzuB2gxSyYZw6D+N+PnmvH8fTnmIfEAs6LQ0l7z7d96yg==",
      "cpu": [
        "arm64"
      ],
      "license": "MIT",
      "optional": true,
      "os": [
        "linux"
      ]
    },
    "node_modules/@tursodatabase/cli-linux-x64-gnu": {
      "version": "0.6.0-pre.21",
      "resolved": "https://registry.npmjs.org/@tursodatabase/cli-linux-x64-gnu/-/cli-linux-x64-gnu-0.6.0-pre.21.tgz",
      "integrity": "sha512-2cEXebCmlDrlZQ/jN+Dq+9k3enhcqFWVmqJ377ptWpSHJnGcqpG/Ry8hcneV0El359nXm5zUN9+im2CBesTVew==",
      "cpu": [
        "x64"
      ],
      "license": "MIT",
      "optional": true,
      "os": [
        "linux"
      ]
    },
    "node_modules/@tursodatabase/cli-win32-x64-msvc": {
      "version": "0.6.0-pre.21",
      "resolved": "https://registry.npmjs.org/@tursodatabase/cli-win32-x64-msvc/-/cli-win32-x64-msvc-0.6.0-pre.21.tgz",
      "integrity": "sha512-Ur9oVbq39Vcdys8j/IQXno8ymG3LNoCWzhCoysnVEWwTPcACCpBhINS+/HXnTXodkbLDC/TiSO0BVlW9gg19Lw==",
      "cpu": [
        "x64"
      ],
      "license": "MIT",
      "optional": true,
      "os": [
        "win32"
      ]
    },
    "node_modules/turso": {
      "version": "0.6.0-pre.21",
      "resolved": "https://registry.npmjs.org/turso/-/turso-0.6.0-pre.21.tgz",
      "integrity": "sha512-b6OT5XtC3pP+rlXAHZLIczlwRj6jyIqM7FePU8edb1NapJwASInkRjVuXcfZMIr3SIXuRPjmFY1iqxEHtGSWFQ==",
      "license": "MIT",
      "bin": {
        "turso": "src/index.js"
      },
      "optionalDependencies": {
        "@tursodatabase/cli-darwin-arm64": "0.6.0-pre.21",
        "@tursodatabase/cli-darwin-x64": "0.6.0-pre.21",
        "@tursodatabase/cli-linux-arm64-gnu": "0.6.0-pre.21",
        "@tursodatabase/cli-linux-x64-gnu": "0.6.0-pre.21",
        "@tursodatabase/cli-win32-x64-msvc": "0.6.0-pre.21"
      }
    }
  }
}
